
Microsoft Visual Studio Solution File, Format Version 12.00
# Visual Studio Version 17
VisualStudioVersion = 17.4.33213.308
MinimumVisualStudioVersion = 10.0.40219.1
Project("{FAE04EC0-301F-11D3-BF4B-00C04F79EFBC}") = "human age", "human age\human age.csproj", "{C07FD647-904F-4587-B35D-CA8B6BE9E406}"
EndProject
Global
	GlobalSection(SolutionConfigurationPlatforms) = preSolution
		Debug|Any CPU = Debug|Any CPU
		Release|Any CPU = Release|Any CPU
	EndGlobalSection
	GlobalSection(ProjectConfigurationPlatforms) = postSolution
		{C07FD647-904F-4587-B35D-CA8B6BE9E406}.Debug|Any CPU.ActiveCfg = Debug|Any CPU
		{C07FD647-904F-4587-B35D-CA8B6BE9E406}.Debug|Any CPU.Build.0 = Debug|Any CPU
		{C07FD647-904F-4587-B35D-CA8B6BE9E406}.Release|Any CPU.ActiveCfg = Release|Any CPU
		{C07FD647-904F-4587-B35D-CA8B6BE9E406}.Release|Any CPU.Build.0 = Release|Any CPU
	EndGlobalSection
	GlobalSection(SolutionProperties) = preSolution
		HideSolutionNode = FALSE
	EndGlobalSection
	GlobalSection(ExtensibilityGlobals) = postSolution
		SolutionGuid = {713BE8D9-9D6D-4F51-8B13-2B8EB5815C35}
	EndGlobalSection
EndGlobal
